// !$*UTF8*$!
{
	archiveVersion = 1;
	classes = {
	};
	objectVersion = 51;
	objects = {

/* Begin PBXBuildFile section */
		7D75384123978482007190A8 /* AppDelegate.swift in Sources */ = {isa = PBXBuildFile; fileRef = 7D75384023978482007190A8 /* AppDelegate.swift */; };
		7D75384323978482007190A8 /* SceneDelegate.swift in Sources */ = {isa = PBXBuildFile; fileRef = 7D75384223978482007190A8 /* SceneDelegate.swift */; };
		7D75384523978482007190A8 /* ViewController.swift in Sources */ = {isa = PBXBuildFile; fileRef = 7D75384423978482007190A8 /* ViewController.swift */; };
		7D75384823978482007190A8 /* Main.storyboard in Resources */ = {isa = PBXBuildFile; fileRef = 7D75384623978482007190A8 /* Main.storyboard */; };
		7D75384A23978487007190A8 /* Assets.xcassets in Resources */ = {isa = PBXBuildFile; fileRef = 7D75384923978487007190A8 /* Assets.xcassets */; };
		7D75384D23978487007190A8 /* LaunchScreen.storyboard in Resources */ = {isa = PBXBuildFile; fileRef = 7D75384B23978487007190A8 /* LaunchScreen.storyboard */; };
		7D75385823978488007190A8 /* Unit_testTests.swift in Sources */ = {isa = PBXBuildFile; fileRef = 7D75385723978488007190A8 /* Unit_testTests.swift */; };
		7D769596239F765F005AB88D /* test-Function-NotReturn.swift in Sources */ = {isa = PBXBuildFile; fileRef = 7D769595239F765F005AB88D /* test-Function-NotReturn.swift */; };
		7DB61D852398E9CE00ACDD6A /* DataSourcePlist.plist in Resources */ = {isa = PBXBuildFile; fileRef = 7DB61D842398E9CE00ACDD6A /* DataSourcePlist.plist */; };
		7DDD48EF23991717007C36F2 /* Download Data.swift in Sources */ = {isa = PBXBuildFile; fileRef = 7DDD48EE23991717007C36F2 /* Download Data.swift */; };
		CD36F8BF4DE6DA22CDD3D6A7 /* Pods_UnittestTests.framework in Frameworks */ = {isa = PBXBuildFile; fileRef = 9E370C42D53C4BE802A73374 /* Pods_UnittestTests.framework */; };
		F93AA76561711479F7461D48 /* Pods_Unittest.framework in Frameworks */ = {isa = PBXBuildFile; fileRef = 8504B9E751ECD982F2C7DB25 /* Pods_Unittest.framework */; };
/* End PBXBuildFile section */

/* Begin PBXContainerItemProxy section */
		7D75385423978488007190A8 /* PBXContainerItemProxy */ = {
			isa = PBXContainerItemProxy;
			containerPortal = 7D75383523978482007190A8 /* Project object */;
			proxyType = 1;
			remoteGlobalIDString = 7D75383C23978482007190A8;
			remoteInfo = "Unit test";
		};
/* End PBXContainerItemProxy section */

/* Begin PBXFileReference section */
		12D9762E6DDB70D22E63ADE4 /* Pods-Unittest.debug.xcconfig */ = {isa = PBXFileReference; includeInIndex = 1; lastKnownFileType = text.xcconfig; name = "Pods-Unittest.debug.xcconfig"; path = "Target Support Files/Pods-Unittest/Pods-Unittest.debug.xcconfig"; sourceTree = "<group>"; };
		2C15E1065F31A4EA73FFDC9E /* Pods-Unit test.debug.xcconfig */ = {isa = PBXFileReference; includeInIndex = 1; lastKnownFileType = text.xcconfig; name = "Pods-Unit test.debug.xcconfig"; path = "Target Support Files/Pods-Unit test/Pods-Unit test.debug.xcconfig"; sourceTree = "<group>"; };
		5158B037DB0396496B656EC2 /* Pods-Unit testTests.debug.xcconfig */ = {isa = PBXFileReference; includeInIndex = 1; lastKnownFileType = text.xcconfig; name = "Pods-Unit testTests.debug.xcconfig"; path = "Target Support Files/Pods-Unit testTests/Pods-Unit testTests.debug.xcconfig"; sourceTree = "<group>"; };
		64672F1DCE774A2938AD60D2 /* Pods-Unit testTests.release.xcconfig */ = {isa = PBXFileReference; includeInIndex = 1; lastKnownFileType = text.xcconfig; name = "Pods-Unit testTests.release.xcconfig"; path = "Target Support Files/Pods-Unit testTests/Pods-Unit testTests.release.xcconfig"; sourceTree = "<group>"; };
		7D75383D23978482007190A8 /* Unittest.app */ = {isa = PBXFileReference; explicitFileType = wrapper.application; includeInIndex = 0; path = Unittest.app; sourceTree = BUILT_PRODUCTS_DIR; };
		7D75384023978482007190A8 /* AppDelegate.swift */ = {isa = PBXFileReference; lastKnownFileType = sourcecode.swift; path = AppDelegate.swift; sourceTree = "<group>"; };
		7D75384223978482007190A8 /* SceneDelegate.swift */ = {isa = PBXFileReference; lastKnownFileType = sourcecode.swift; path = SceneDelegate.swift; sourceTree = "<group>"; };
		7D75384423978482007190A8 /* ViewController.swift */ = {isa = PBXFileReference; lastKnownFileType = sourcecode.swift; path = ViewController.swift; sourceTree = "<group>"; };
		7D75384723978482007190A8 /* Base */ = {isa = PBXFileReference; lastKnownFileType = file.storyboard; name = Base; path = Base.lproj/Main.storyboard; sourceTree = "<group>"; };
		7D75384923978487007190A8 /* Assets.xcassets */ = {isa = PBXFileReference; lastKnownFileType = folder.assetcatalog; path = Assets.xcassets; sourceTree = "<group>"; };
		7D75384C23978487007190A8 /* Base */ = {isa = PBXFileReference; lastKnownFileType = file.storyboard; name = Base; path = Base.lproj/LaunchScreen.storyboard; sourceTree = "<group>"; };
		7D75384E23978487007190A8 /* Info.plist */ = {isa = PBXFileReference; lastKnownFileType = text.plist.xml; path = Info.plist; sourceTree = "<group>"; };
		7D75385323978488007190A8 /* UnittestTests.xctest */ = {isa = PBXFileReference; explicitFileType = wrapper.cfbundle; includeInIndex = 0; path = UnittestTests.xctest; sourceTree = BUILT_PRODUCTS_DIR; };
		7D75385723978488007190A8 /* Unit_testTests.swift */ = {isa = PBXFileReference; lastKnownFileType = sourcecode.swift; path = Unit_testTests.swift; sourceTree = "<group>"; };
		7D75385923978488007190A8 /* Info.plist */ = {isa = PBXFileReference; lastKnownFileType = text.plist.xml; path = Info.plist; sourceTree = "<group>"; };
		7D769595239F765F005AB88D /* test-Function-NotReturn.swift */ = {isa = PBXFileReference; lastKnownFileType = sourcecode.swift; path = "test-Function-NotReturn.swift"; sourceTree = "<group>"; };
		7DB61D842398E9CE00ACDD6A /* DataSourcePlist.plist */ = {isa = PBXFileReference; lastKnownFileType = text.plist.xml; path = DataSourcePlist.plist; sourceTree = "<group>"; };
		7DDD48EE23991717007C36F2 /* Download Data.swift */ = {isa = PBXFileReference; lastKnownFileType = sourcecode.swift; path = "Download Data.swift"; sourceTree = "<group>"; };
		814E643F82AAC85978897422 /* Pods-Unittest.release.xcconfig */ = {isa = PBXFileReference; includeInIndex = 1; lastKnownFileType = text.xcconfig; name = "Pods-Unittest.release.xcconfig"; path = "Target Support Files/Pods-Unittest/Pods-Unittest.release.xcconfig"; sourceTree = "<group>"; };
		8504B9E751ECD982F2C7DB25 /* Pods_Unittest.framework */ = {isa = PBXFileReference; explicitFileType = wrapper.framework; includeInIndex = 0; path = Pods_Unittest.framework; sourceTree = BUILT_PRODUCTS_DIR; };
		864979945E740BDF20038E72 /* Pods-UnittestTests.release.xcconfig */ = {isa = PBXFileReference; includeInIndex = 1; lastKnownFileType = text.xcconfig; name = "Pods-UnittestTests.release.xcconfig"; path = "Target Support Files/Pods-UnittestTests/Pods-UnittestTests.release.xcconfig"; sourceTree = "<group>"; };
		8D455BB67363FC031A2D49CE /* Pods-UnittestTests.debug.xcconfig */ = {isa = PBXFileReference; includeInIndex = 1; lastKnownFileType = text.xcconfig; name = "Pods-UnittestTests.debug.xcconfig"; path = "Target Support Files/Pods-UnittestTests/Pods-UnittestTests.debug.xcconfig"; sourceTree = "<group>"; };
		9E370C42D53C4BE802A73374 /* Pods_UnittestTests.framework */ = {isa = PBXFileReference; explicitFileType = wrapper.framework; includeInIndex = 0; path = Pods_UnittestTests.framework; sourceTree = BUILT_PRODUCTS_DIR; };
		C3C5AFF14E670873331E7509 /* Pods-Unit test.release.xcconfig */ = {isa = PBXFileReference; includeInIndex = 1; lastKnownFileType = text.xcconfig; name = "Pods-Unit test.release.xcconfig"; path = "Target Support Files/Pods-Unit test/Pods-Unit test.release.xcconfig"; sourceTree = "<group>"; };
/* End PBXFileReference section */

/* Begin PBXFrameworksBuildPhase section */
		7D75383A23978482007190A8 /* Frameworks */ = {
			isa = PBXFrameworksBuildPhase;
			buildActionMask = 2147483647;
			files = (
				F93AA76561711479F7461D48 /* Pods_Unittest.framework in Frameworks */,
			);
			runOnlyForDeploymentPostprocessing = 0;
		};
		7D75385023978488007190A8 /* Frameworks */ = {
			isa = PBXFrameworksBuildPhase;
			buildActionMask = 2147483647;
			files = (
				CD36F8BF4DE6DA22CDD3D6A7 /* Pods_UnittestTests.framework in Frameworks */,
			);
			runOnlyForDeploymentPostprocessing = 0;
		};
/* End PBXFrameworksBuildPhase section */

/* Begin PBXGroup section */
		7D75383423978482007190A8 = {
			isa = PBXGroup;
			children = (
				7D75383F23978482007190A8 /* Unit test */,
				7D75385623978488007190A8 /* Unit testTests */,
				7D75383E23978482007190A8 /* Products */,
				C0E9F7A692FEB29E38C5CDCE /* Pods */,
				DE801BD68BB83A3F4C7AAED3 /* Frameworks */,
			);
			sourceTree = "<group>";
		};
		7D75383E23978482007190A8 /* Products */ = {
			isa = PBXGroup;
			children = (
				7D75383D23978482007190A8 /* Unittest.app */,
				7D75385323978488007190A8 /* UnittestTests.xctest */,
			);
			name = Products;
			sourceTree = "<group>";
		};
		7D75383F23978482007190A8 /* Unit test */ = {
			isa = PBXGroup;
			children = (
				7DDD48ED239916F8007C36F2 /* not Used suppoert File  */,
				7DDD48EE23991717007C36F2 /* Download Data.swift */,
				7D769595239F765F005AB88D /* test-Function-NotReturn.swift */,
			);
			path = "Unit test";
			sourceTree = "<group>";
		};
		7D75385623978488007190A8 /* Unit testTests */ = {
			isa = PBXGroup;
			children = (
				7D75385723978488007190A8 /* Unit_testTests.swift */,
				7D75385923978488007190A8 /* Info.plist */,
				7DB61D842398E9CE00ACDD6A /* DataSourcePlist.plist */,
			);
			path = "Unit testTests";
			sourceTree = "<group>";
		};
		7DDD48ED239916F8007C36F2 /* not Used suppoert File  */ = {
			isa = PBXGroup;
			children = (
				7D75384023978482007190A8 /* AppDelegate.swift */,
				7D75384223978482007190A8 /* SceneDelegate.swift */,
				7D75384423978482007190A8 /* ViewController.swift */,
				7D75384623978482007190A8 /* Main.storyboard */,
				7D75384923978487007190A8 /* Assets.xcassets */,
				7D75384B23978487007190A8 /* LaunchScreen.storyboard */,
				7D75384E23978487007190A8 /* Info.plist */,
			);
			name = "not Used suppoert File ";
			sourceTree = "<group>";
		};
		C0E9F7A692FEB29E38C5CDCE /* Pods */ = {
			isa = PBXGroup;
			children = (
				2C15E1065F31A4EA73FFDC9E /* Pods-Unit test.debug.xcconfig */,
				C3C5AFF14E670873331E7509 /* Pods-Unit test.release.xcconfig */,
				5158B037DB0396496B656EC2 /* Pods-Unit testTests.debug.xcconfig */,
				64672F1DCE774A2938AD60D2 /* Pods-Unit testTests.release.xcconfig */,
				12D9762E6DDB70D22E63ADE4 /* Pods-Unittest.debug.xcconfig */,
				814E643F82AAC85978897422 /* Pods-Unittest.release.xcconfig */,
				8D455BB67363FC031A2D49CE /* Pods-UnittestTests.debug.xcconfig */,
				864979945E740BDF20038E72 /* Pods-UnittestTests.release.xcconfig */,
			);
			path = Pods;
			sourceTree = "<group>";
		};
		DE801BD68BB83A3F4C7AAED3 /* Frameworks */ = {
			isa = PBXGroup;
			children = (
				8504B9E751ECD982F2C7DB25 /* Pods_Unittest.framework */,
				9E370C42D53C4BE802A73374 /* Pods_UnittestTests.framework */,
			);
			name = Frameworks;
			sourceTree = "<group>";
		};
/* End PBXGroup section */

/* Begin PBXNativeTarget section */
		7D75383C23978482007190A8 /* Unittest */ = {
			isa = PBXNativeTarget;
			buildConfigurationList = 7D75385C23978488007190A8 /* Build configuration list for PBXNativeTarget "Unittest" */;
			buildPhases = (
				73BC23BC8A10E6B662A8873D /* [CP] Check Pods Manifest.lock */,
				7D75383923978482007190A8 /* Sources */,
				7D75383A23978482007190A8 /* Frameworks */,
				7D75383B23978482007190A8 /* Resources */,
				33E7DB7A6CCCCBC6C0B5FBF7 /* [CP] Embed Pods Frameworks */,
			);
			buildRules = (
			);
			dependencies = (
			);
			name = Unittest;
			productName = "Unit test";
			productReference = 7D75383D23978482007190A8 /* Unittest.app */;
			productType = "com.apple.product-type.application";
		};
		7D75385223978488007190A8 /* UnittestTests */ = {
			isa = PBXNativeTarget;
			buildConfigurationList = 7D75385F23978488007190A8 /* Build configuration list for PBXNativeTarget "UnittestTests" */;
			buildPhases = (
				C77549079ADBBA4D55032593 /* [CP] Check Pods Manifest.lock */,
				7D75384F23978488007190A8 /* Sources */,
				7D75385023978488007190A8 /* Frameworks */,
				7D75385123978488007190A8 /* Resources */,
				F1CAD7611BC64A54F29E153A /* [CP] Embed Pods Frameworks */,
			);
			buildRules = (
			);
			dependencies = (
				7D75385523978488007190A8 /* PBXTargetDependency */,
			);
			name = UnittestTests;
			productName = "Unit testTests";
			productReference = 7D75385323978488007190A8 /* UnittestTests.xctest */;
			productType = "com.apple.product-type.bundle.unit-test";
		};
/* End PBXNativeTarget section */

/* Begin PBXProject section */
		7D75383523978482007190A8 /* Project object */ = {
			isa = PBXProject;
			attributes = {
				LastSwiftUpdateCheck = 1110;
				LastUpgradeCheck = 1110;
				ORGANIZATIONNAME = "mohamed hashem";
				TargetAttributes = {
					7D75383C23978482007190A8 = {
						CreatedOnToolsVersion = 11.1;
					};
					7D75385223978488007190A8 = {
						CreatedOnToolsVersion = 11.1;
						TestTargetID = 7D75383C23978482007190A8;
					};
				};
			};
			buildConfigurationList = 7D75383823978482007190A8 /* Build configuration list for PBXProject "Unittest" */;
			compatibilityVersion = "Xcode 9.3";
			developmentRegion = en;
			hasScannedForEncodings = 0;
			knownRegions = (
				en,
				Base,
			);
			mainGroup = 7D75383423978482007190A8;
			productRefGroup = 7D75383E23978482007190A8 /* Products */;
			projectDirPath = "";
			projectRoot = "";
			targets = (
				7D75383C23978482007190A8 /* Unittest */,
				7D75385223978488007190A8 /* UnittestTests */,
			);
		};
/* End PBXProject section */

/* Begin PBXResourcesBuildPhase section */
		7D75383B23978482007190A8 /* Resources */ = {
			isa = PBXResourcesBuildPhase;
			buildActionMask = 2147483647;
			files = (
				7D75384D23978487007190A8 /* LaunchScreen.storyboard in Resources */,
				7D75384A23978487007190A8 /* Assets.xcassets in Resources */,
				7D75384823978482007190A8 /* Main.storyboard in Resources */,
			);
			runOnlyForDeploymentPostprocessing = 0;
		};
		7D75385123978488007190A8 /* Resources */ = {
			isa = PBXResourcesBuildPhase;
			buildActionMask = 2147483647;
			files = (
				7DB61D852398E9CE00ACDD6A /* DataSourcePlist.plist in Resources */,
			);
			runOnlyForDeploymentPostprocessing = 0;
		};
/* End PBXResourcesBuildPhase section */

/* Begin PBXShellScriptBuildPhase section */
		33E7DB7A6CCCCBC6C0B5FBF7 /* [CP] Embed Pods Frameworks */ = {
			isa = PBXShellScriptBuildPhase;
			buildActionMask = 2147483647;
			files = (
			);
			inputFileListPaths = (
				"${PODS_ROOT}/Target Support Files/Pods-Unittest/Pods-Unittest-frameworks-${CONFIGURATION}-input-files.xcfilelist",
			);
			name = "[CP] Embed Pods Frameworks";
			outputFileListPaths = (
				"${PODS_ROOT}/Target Support Files/Pods-Unittest/Pods-Unittest-frameworks-${CONFIGURATION}-output-files.xcfilelist",
			);
			runOnlyForDeploymentPostprocessing = 0;
			shellPath = /bin/sh;
			shellScript = "\"${PODS_ROOT}/Target Support Files/Pods-Unittest/Pods-Unittest-frameworks.sh\"\n";
			showEnvVarsInLog = 0;
		};
		73BC23BC8A10E6B662A8873D /* [CP] Check Pods Manifest.lock */ = {
			isa = PBXShellScriptBuildPhase;
			buildActionMask = 2147483647;
			files = (
			);
			inputFileListPaths = (
			);
			inputPaths = (
				"${PODS_PODFILE_DIR_PATH}/Podfile.lock",
				"${PODS_ROOT}/Manifest.lock",
			);
			name = "[CP] Check Pods Manifest.lock";
			outputFileListPaths = (
			);
			outputPaths = (
				"$(DERIVED_FILE_DIR)/Pods-Unittest-checkManifestLockResult.txt",
			);
			runOnlyForDeploymentPostprocessing = 0;
			shellPath = /bin/sh;
			shellScript = "diff \"${PODS_PODFILE_DIR_PATH}/Podfile.lock\" \"${PODS_ROOT}/Manifest.lock\" > /dev/null\nif [ $? != 0 ] ; then\n    # print error to STDERR\n    echo \"error: The sandbox is not in sync with the Podfile.lock. Run 'pod install' or update your CocoaPods installation.\" >&2\n    exit 1\nfi\n# This output is used by Xcode 'outputs' to avoid re-running this script phase.\necho \"SUCCESS\" > \"${SCRIPT_OUTPUT_FILE_0}\"\n";
			showEnvVarsInLog = 0;
		};
		C77549079ADBBA4D55032593 /* [CP] Check Pods Manifest.lock */ = {
			isa = PBXShellScriptBuildPhase;
			buildActionMask = 2147483647;
			files = (
			);
			inputFileListPaths = (
			);
			inputPaths = (
				"${PODS_PODFILE_DIR_PATH}/Podfile.lock",
				"${PODS_ROOT}/Manifest.lock",
			);
			name = "[CP] Check Pods Manifest.lock";
			outputFileListPaths = (
			);
			outputPaths = (
				"$(DERIVED_FILE_DIR)/Pods-UnittestTests-checkManifestLockResult.txt",
			);
			runOnlyForDeploymentPostprocessing = 0;
			shellPath = /bin/sh;
			shellScript = "diff \"${PODS_PODFILE_DIR_PATH}/Podfile.lock\" \"${PODS_ROOT}/Manifest.lock\" > /dev/null\nif [ $? != 0 ] ; then\n    # print error to STDERR\n    echo \"error: The sandbox is not in sync with the Podfile.lock. Run 'pod install' or update your CocoaPods installation.\" >&2\n    exit 1\nfi\n# This output is used by Xcode 'outputs' to avoid re-running this script phase.\necho \"SUCCESS\" > \"${SCRIPT_OUTPUT_FILE_0}\"\n";
			showEnvVarsInLog = 0;
		};
		F1CAD7611BC64A54F29E153A /* [CP] Embed Pods Frameworks */ = {
			isa = PBXShellScriptBuildPhase;
			buildActionMask = 2147483647;
			files = (
			);
			inputFileListPaths = (
				"${PODS_ROOT}/Target Support Files/Pods-UnittestTests/Pods-UnittestTests-frameworks-${CONFIGURATION}-input-files.xcfilelist",
			);
			name = "[CP] Embed Pods Frameworks";
			outputFileListPaths = (
				"${PODS_ROOT}/Target Support Files/Pods-UnittestTests/Pods-UnittestTests-frameworks-${CONFIGURATION}-output-files.xcfilelist",
			);
			runOnlyForDeploymentPostprocessing = 0;
			shellPath = /bin/sh;
			shellScript = "\"${PODS_ROOT}/Target Support Files/Pods-UnittestTests/Pods-UnittestTests-frameworks.sh\"\n";
			showEnvVarsInLog = 0;
		};
/* End PBXShellScriptBuildPhase section */

/* Begin PBXSourcesBuildPhase section */
		7D75383923978482007190A8 /* Sources */ = {
			isa = PBXSourcesBuildPhase;
			buildActionMask = 2147483647;
			files = (
				7DDD48EF23991717007C36F2 /* Download Data.swift in Sources */,
				7D769596239F765F005AB88D /* test-Function-NotReturn.swift in Sources */,
				7D75384523978482007190A8 /* ViewController.swift in Sources */,
				7D75384123978482007190A8 /* AppDelegate.swift in Sources */,
				7D75384323978482007190A8 /* SceneDelegate.swift in Sources */,
			);
			runOnlyForDeploymentPostprocessing = 0;
		};
		7D75384F23978488007190A8 /* Sources */ = {
			isa = PBXSourcesBuildPhase;
			buildActionMask = 2147483647;
			files = (
				7D75385823978488007190A8 /* Unit_testTests.swift in Sources */,
			);
			runOnlyForDeploymentPostprocessing = 0;
		};
/* End PBXSourcesBuildPhase section */

/* Begin PBXTargetDependency section */
		7D75385523978488007190A8 /* PBXTargetDependency */ = {
			isa = PBXTargetDependency;
			target = 7D75383C23978482007190A8 /* Unittest */;
			targetProxy = 7D75385423978488007190A8 /* PBXContainerItemProxy */;
		};
/* End PBXTargetDependency section */

/* Begin PBXVariantGroup section */
		7D75384623978482007190A8 /* Main.storyboard */ = {
			isa = PBXVariantGroup;
			children = (
				7D75384723978482007190A8 /* Base */,
			);
			name = Main.storyboard;
			sourceTree = "<group>";
		};
		7D75384B23978487007190A8 /* LaunchScreen.storyboard */ = {
			isa = PBXVariantGroup;
			children = (
				7D75384C23978487007190A8 /* Base */,
			);
			name = LaunchScreen.storyboard;
			sourceTree = "<group>";
		};
/* End PBXVariantGroup section */

/* Begin XCBuildConfiguration section */
		7D75385A23978488007190A8 /* Debug */ = {
			isa = XCBuildConfiguration;
			buildSettings = {
				ALWAYS_SEARCH_USER_PATHS = NO;
				CLANG_ANALYZER_NONNULL = YES;
				CLANG_ANALYZER_NUMBER_OBJECT_CONVERSION = YES_AGGRESSIVE;
				CLANG_CXX_LANGUAGE_STANDARD = "gnu++14";
				CLANG_CXX_LIBRARY = "libc++";
				CLANG_ENABLE_MODULES = YES;
				CLANG_ENABLE_OBJC_ARC = YES;
				CLANG_ENABLE_OBJC_WEAK = YES;
				CLANG_WARN_BLOCK_CAPTURE_AUTORELEASING = YES;
				CLANG_WARN_BOOL_CONVERSION = YES;
				CLANG_WARN_COMMA = YES;
				CLANG_WARN_CONSTANT_CONVERSION = YES;
				CLANG_WARN_DEPRECATED_OBJC_IMPLEMENTATIONS = YES;
				CLANG_WARN_DIRECT_OBJC_ISA_USAGE = YES_ERROR;
				CLANG_WARN_DOCUMENTATION_COMMENTS = YES;
				CLANG_WARN_EMPTY_BODY = YES;
				CLANG_WARN_ENUM_CONVERSION = YES;
				CLANG_WARN_INFINITE_RECURSION = YES;
				CLANG_WARN_INT_CONVERSION = YES;
				CLANG_WARN_NON_LITERAL_NULL_CONVERSION = YES;
				CLANG_WARN_OBJC_IMPLICIT_RETAIN_SELF = YES;
				CLANG_WARN_OBJC_LITERAL_CONVERSION = YES;
				CLANG_WARN_OBJC_ROOT_CLASS = YES_ERROR;
				CLANG_WARN_RANGE_LOOP_ANALYSIS = YES;
				CLANG_WARN_STRICT_PROTOTYPES = YES;
				CLANG_WARN_SUSPICIOUS_MOVE = YES;
				CLANG_WARN_UNGUARDED_AVAILABILITY = YES_AGGRESSIVE;
				CLANG_WARN_UNREACHABLE_CODE = YES;
				CLANG_WARN__DUPLICATE_METHOD_MATCH = YES;
				COPY_PHASE_STRIP = NO;
				DEBUG_INFORMATION_FORMAT = dwarf;
				ENABLE_STRICT_OBJC_MSGSEND = YES;
				ENABLE_TESTABILITY = YES;
				GCC_C_LANGUAGE_STANDARD = gnu11;
				GCC_DYNAMIC_NO_PIC = NO;
				GCC_NO_COMMON_BLOCKS = YES;
				GCC_OPTIMIZATION_LEVEL = 0;
				GCC_PREPROCESSOR_DEFINITIONS = (
					"DEBUG=1",
					"$(inherited)",
				);
				GCC_WARN_64_TO_32_BIT_CONVERSION = YES;
				GCC_WARN_ABOUT_RETURN_TYPE = YES_ERROR;
				GCC_WARN_UNDECLARED_SELECTOR = YES;
				GCC_WARN_UNINITIALIZED_AUTOS = YES_AGGRESSIVE;
				GCC_WARN_UNUSED_FUNCTION = YES;
				GCC_WARN_UNUSED_VARIABLE = YES;
				IPHONEOS_DEPLOYMENT_TARGET = 13.1;
				MTL_ENABLE_DEBUG_INFO = INCLUDE_SOURCE;
				MTL_FAST_MATH = YES;
				ONLY_ACTIVE_ARCH = YES;
				SDKROOT = iphoneos;
				SWIFT_ACTIVE_COMPILATION_CONDITIONS = DEBUG;
				SWIFT_OPTIMIZATION_LEVEL = "-Onone";
			};
			name = Debug;
		};
		7D75385B23978488007190A8 /* Release */ = {
			isa = XCBuildConfiguration;
			buildSettings = {
				ALWAYS_SEARCH_USER_PATHS = NO;
				CLANG_ANALYZER_NONNULL = YES;
				CLANG_ANALYZER_NUMBER_OBJECT_CONVERSION = YES_AGGRESSIVE;
				CLANG_CXX_LANGUAGE_STANDARD = "gnu++14";
				CLANG_CXX_LIBRARY = "libc++";
				CLANG_ENABLE_MODULES = YES;
				CLANG_ENABLE_OBJC_ARC = YES;
				CLANG_ENABLE_OBJC_WEAK = YES;
				CLANG_WARN_BLOCK_CAPTURE_AUTORELEASING = YES;
				CLANG_WARN_BOOL_CONVERSION = YES;
				CLANG_WARN_COMMA = YES;
				CLANG_WARN_CONSTANT_CONVERSION = YES;
				CLANG_WARN_DEPRECATED_OBJC_IMPLEMENTATIONS = YES;
				CLANG_WARN_DIRECT_OBJC_ISA_USAGE = YES_ERROR;
				CLANG_WARN_DOCUMENTATION_COMMENTS = YES;
				CLANG_WARN_EMPTY_BODY = YES;
				CLANG_WARN_ENUM_CONVERSION = YES;
				CLANG_WARN_INFINITE_RECURSION = YES;
				CLANG_WARN_INT_CONVERSION = YES;
				CLANG_WARN_NON_LITERAL_NULL_CONVERSION = YES;
				CLANG_WARN_OBJC_IMPLICIT_RETAIN_SELF = YES;
				CLANG_WARN_OBJC_LITERAL_CONVERSION = YES;
				CLANG_WARN_OBJC_ROOT_CLASS = YES_ERROR;
				CLANG_WARN_RANGE_LOOP_ANALYSIS = YES;
				CLANG_WARN_STRICT_PROTOTYPES = YES;
				CLANG_WARN_SUSPICIOUS_MOVE = YES;
				CLANG_WARN_UNGUARDED_AVAILABILITY = YES_AGGRESSIVE;
				CLANG_WARN_UNREACHABLE_CODE = YES;
				CLANG_WARN__DUPLICATE_METHOD_MATCH = YES;
				COPY_PHASE_STRIP = NO;
				DEBUG_INFORMATION_FORMAT = "dwarf-with-dsym";
				ENABLE_NS_ASSERTIONS = NO;
				ENABLE_STRICT_OBJC_MSGSEND = YES;
				GCC_C_LANGUAGE_STANDARD = gnu11;
				GCC_NO_COMMON_BLOCKS = YES;
				GCC_WARN_64_TO_32_BIT_CONVERSION = YES;
				GCC_WARN_ABOUT_RETURN_TYPE = YES_ERROR;
				GCC_WARN_UNDECLARED_SELECTOR = YES;
				GCC_WARN_UNINITIALIZED_AUTOS = YES_AGGRESSIVE;
				GCC_WARN_UNUSED_FUNCTION = YES;
				GCC_WARN_UNUSED_VARIABLE = YES;
				IPHONEOS_DEPLOYMENT_TARGET = 13.1;
				MTL_ENABLE_DEBUG_INFO = NO;
				MTL_FAST_MATH = YES;
				SDKROOT = iphoneos;
				SWIFT_COMPILATION_MODE = wholemodule;
				SWIFT_OPTIMIZATION_LEVEL = "-O";
				VALIDATE_PRODUCT = YES;
			};
			name = Release;
		};
		7D75385D23978488007190A8 /* Debug */ = {
			isa = XCBuildConfiguration;
			baseConfigurationReference = 12D9762E6DDB70D22E63ADE4 /* Pods-Unittest.debug.xcconfig */;
			buildSettings = {
				ASSETCATALOG_COMPILER_APPICON_NAME = AppIcon;
				CODE_SIGN_STYLE = Automatic;
				DEVELOPMENT_TEAM = JNP78QVJKX;
				INFOPLIST_FILE = "Unit test/Info.plist";
				LD_RUNPATH_SEARCH_PATHS = (
					"$(inherited)",
					"@executable_path/Frameworks",
				);
				PRODUCT_BUNDLE_IDENTIFIER = "MH.Unit-test";
				PRODUCT_NAME = "$(TARGET_NAME)";
				SWIFT_VERSION = 5.0;
				TARGETED_DEVICE_FAMILY = "1,2";
			};
			name = Debug;
		};
		7D75385E23978488007190A8 /* Release */ = {
			isa = XCBuildConfiguration;
			baseConfigurationReference = 814E643F82AAC85978897422 /* Pods-Unittest.release.xcconfig */;
			buildSettings = {
				ASSETCATALOG_COMPILER_APPICON_NAME = AppIcon;
				CODE_SIGN_STYLE = Automatic;
				DEVELOPMENT_TEAM = JNP78QVJKX;
				INFOPLIST_FILE = "Unit test/Info.plist";
				LD_RUNPATH_SEARCH_PATHS = (
					"$(inherited)",
					"@executable_path/Frameworks",
				);
				PRODUCT_BUNDLE_IDENTIFIER = "MH.Unit-test";
				PRODUCT_NAME = "$(TARGET_NAME)";
				SWIFT_VERSION = 5.0;
				TARGETED_DEVICE_FAMILY = "1,2";
			};
			name = Release;
		};
		7D75386023978488007190A8 /* Debug */ = {
			isa = XCBuildConfiguration;
			baseConfigurationReference = 8D455BB67363FC031A2D49CE /* Pods-UnittestTests.debug.xcconfig */;
			buildSettings = {
				ALWAYS_EMBED_SWIFT_STANDARD_LIBRARIES = YES;
				BUNDLE_LOADER = "$(TEST_HOST)";
				CODE_SIGN_STYLE = Automatic;
				DEVELOPMENT_TEAM = JNP78QVJKX;
				INFOPLIST_FILE = "Unit testTests/Info.plist";
				IPHONEOS_DEPLOYMENT_TARGET = 13.1;
				LD_RUNPATH_SEARCH_PATHS = (
					"$(inherited)",
					"@executable_path/Frameworks",
					"@loader_path/Frameworks",
				);
				PRODUCT_BUNDLE_IDENTIFIER = "MH.Unit-testTests";
				PRODUCT_NAME = "$(TARGET_NAME)";
				SWIFT_VERSION = 5.0;
				TARGETED_DEVICE_FAMILY = "1,2";
				TEST_HOST = "$(BUILT_PRODUCTS_DIR)/Unittest.app/Unittest";
			};
			name = Debug;
		};
		7D75386123978488007190A8 /* Release */ = {
			isa = XCBuildConfiguration;
			baseConfigurationReference = 864979945E740BDF20038E72 /* Pods-UnittestTests.release.xcconfig */;
			buildSettings = {
				ALWAYS_EMBED_SWIFT_STANDARD_LIBRARIES = YES;
				BUNDLE_LOADER = "$(TEST_HOST)";
				CODE_SIGN_STYLE = Automatic;
				DEVELOPMENT_TEAM = JNP78QVJKX;
				INFOPLIST_FILE = "Unit testTests/Info.plist";
				IPHONEOS_DEPLOYMENT_TARGET = 13.1;
				LD_RUNPATH_SEARCH_PATHS = (
					"$(inherited)",
					"@executable_path/Frameworks",
					"@loader_path/Frameworks",
				);
				PRODUCT_BUNDLE_IDENTIFIER = "MH.Unit-testTests";
				PRODUCT_NAME = "$(TARGET_NAME)";
				SWIFT_VERSION = 5.0;
				TARGETED_DEVICE_FAMILY = "1,2";
				TEST_HOST = "$(BUILT_PRODUCTS_DIR)/Unittest.app/Unittest";
			};
			name = Release;
		};
/* End XCBuildConfiguration section */

/* Begin XCConfigurationList section */
		7D75383823978482007190A8 /* Build configuration list for PBXProject "Unittest" */ = {
			isa = XCConfigurationList;
			buildConfigurations = (
				7D75385A23978488007190A8 /* Debug */,
				7D75385B23978488007190A8 /* Release */,
			);
			defaultConfigurationIsVisible = 0;
			defaultConfigurationName = Release;
		};
		7D75385C23978488007190A8 /* Build configuration list for PBXNativeTarget "Unittest" */ = {
			isa = XCConfigurationList;
			buildConfigurations = (
				7D75385D23978488007190A8 /* Debug */,
				7D75385E23978488007190A8 /* Release */,
			);
			defaultConfigurationIsVisible = 0;
			defaultConfigurationName = Release;
		};
		7D75385F23978488007190A8 /* Build configuration list for PBXNativeTarget "UnittestTests" */ = {
			isa = XCConfigurationList;
			buildConfigurations = (
				7D75386023978488007190A8 /* Debug */,
				7D75386123978488007190A8 /* Release */,
			);
			defaultConfigurationIsVisible = 0;
			defaultConfigurationName = Release;
		};
/* End XCConfigurationList section */
	};
	rootObject = 7D75383523978482007190A8 /* Project object */;
}
